
Microsoft Visual Studio Solution File, Format Version 12.00
# Visual Studio Version 17
VisualStudioVersion = 17.7.34031.279
MinimumVisualStudioVersion = 10.0.40219.1
Project("{FAE04EC0-301F-11D3-BF4B-00C04F79EFBC}") = "AplicacionS", "AplicacionS.csproj", "{C59C6D52-3D5B-43F6-A21D-BDB2BBC7B435}"
EndProject
Project("{54435603-DBB4-11D2-8724-00A0C9A8B90C}") = "SecurecSetup", "..\SecurecSetup\SecurecSetup.vdproj", "{C02F8505-1AC5-4DC4-92CA-6F9CF159CA55}"
EndProject
Global
	GlobalSection(SolutionConfigurationPlatforms) = preSolution
		Debug|Any CPU = Debug|Any CPU
		Release|Any CPU = Release|Any CPU
	EndGlobalSection
	GlobalSection(ProjectConfigurationPlatforms) = postSolution
		{C59C6D52-3D5B-43F6-A21D-BDB2BBC7B435}.Debug|Any CPU.ActiveCfg = Debug|Any CPU
		{C59C6D52-3D5B-43F6-A21D-BDB2BBC7B435}.Debug|Any CPU.Build.0 = Debug|Any CPU
		{C59C6D52-3D5B-43F6-A21D-BDB2BBC7B435}.Release|Any CPU.ActiveCfg = Release|Any CPU
		{C59C6D52-3D5B-43F6-A21D-BDB2BBC7B435}.Release|Any CPU.Build.0 = Release|Any CPU
		{C02F8505-1AC5-4DC4-92CA-6F9CF159CA55}.Debug|Any CPU.ActiveCfg = Debug
		{C02F8505-1AC5-4DC4-92CA-6F9CF159CA55}.Release|Any CPU.ActiveCfg = Release
	EndGlobalSection
	GlobalSection(SolutionProperties) = preSolution
		HideSolutionNode = FALSE
	EndGlobalSection
	GlobalSection(ExtensibilityGlobals) = postSolution
		SolutionGuid = {1D197C73-ADA3-48B5-8CD7-46C74BE5A5CA}
	EndGlobalSection
EndGlobal
